
Microsoft Visual Studio Solution File, Format Version 12.00
# Visual Studio Version 17
VisualStudioVersion = 17.3.32929.385
MinimumVisualStudioVersion = 10.0.40219.1
Project("{FAE04EC0-301F-11D3-BF4B-00C04F79EFBC}") = "dotnet-mine-sweep", "dotnet-mine-sweep.csproj", "{17719A71-A363-4C09-B1FA-9AB5A6E03B8F}"
EndProject
Global
	GlobalSection(SolutionConfigurationPlatforms) = preSolution
		Debug|Any CPU = Debug|Any CPU
		Release|Any CPU = Release|Any CPU
	EndGlobalSection
	GlobalSection(ProjectConfigurationPlatforms) = postSolution
		{17719A71-A363-4C09-B1FA-9AB5A6E03B8F}.Debug|Any CPU.ActiveCfg = Debug|Any CPU
		{17719A71-A363-4C09-B1FA-9AB5A6E03B8F}.Debug|Any CPU.Build.0 = Debug|Any CPU
		{17719A71-A363-4C09-B1FA-9AB5A6E03B8F}.Release|Any CPU.ActiveCfg = Release|Any CPU
		{17719A71-A363-4C09-B1FA-9AB5A6E03B8F}.Release|Any CPU.Build.0 = Release|Any CPU
	EndGlobalSection
	GlobalSection(SolutionProperties) = preSolution
		HideSolutionNode = FALSE
	EndGlobalSection
	GlobalSection(ExtensibilityGlobals) = postSolution
		SolutionGuid = {FD9BE11F-5089-4F21-B8D8-BEDD5CB3B80A}
	EndGlobalSection
EndGlobal
